
Microsoft Visual Studio Solution File, Format Version 12.00
# Visual Studio Version 17
VisualStudioVersion = 17.2.32616.157
MinimumVisualStudioVersion = 10.0.40219.1
Project("{FAE04EC0-301F-11D3-BF4B-00C04F79EFBC}") = "HelloMyCSharp04", "HelloMyCSharp04\HelloMyCSharp04.csproj", "{A2914494-9B6B-48FE-95CF-D73D3F13AC86}"
EndProject
Global
	GlobalSection(SolutionConfigurationPlatforms) = preSolution
		Debug|Any CPU = Debug|Any CPU
		Release|Any CPU = Release|Any CPU
	EndGlobalSection
	GlobalSection(ProjectConfigurationPlatforms) = postSolution
		{A2914494-9B6B-48FE-95CF-D73D3F13AC86}.Debug|Any CPU.ActiveCfg = Debug|Any CPU
		{A2914494-9B6B-48FE-95CF-D73D3F13AC86}.Debug|Any CPU.Build.0 = Debug|Any CPU
		{A2914494-9B6B-48FE-95CF-D73D3F13AC86}.Release|Any CPU.ActiveCfg = Release|Any CPU
		{A2914494-9B6B-48FE-95CF-D73D3F13AC86}.Release|Any CPU.Build.0 = Release|Any CPU
	EndGlobalSection
	GlobalSection(SolutionProperties) = preSolution
		HideSolutionNode = FALSE
	EndGlobalSection
	GlobalSection(ExtensibilityGlobals) = postSolution
		SolutionGuid = {5377BEAF-0A21-4D7A-9A9A-4BF673FC2938}
	EndGlobalSection
EndGlobal
