
Microsoft Visual Studio Solution File, Format Version 12.00
# Visual Studio Version 17
VisualStudioVersion = 17.2.32616.157
MinimumVisualStudioVersion = 10.0.40219.1
Project("{FAE04EC0-301F-11D3-BF4B-00C04F79EFBC}") = "useAPI", "useAPI\useAPI.csproj", "{C871E48A-ECB5-48F6-9D15-0BB3AA2DF525}"
EndProject
Global
	GlobalSection(SolutionConfigurationPlatforms) = preSolution
		Debug|Any CPU = Debug|Any CPU
		Release|Any CPU = Release|Any CPU
	EndGlobalSection
	GlobalSection(ProjectConfigurationPlatforms) = postSolution
		{C871E48A-ECB5-48F6-9D15-0BB3AA2DF525}.Debug|Any CPU.ActiveCfg = Debug|Any CPU
		{C871E48A-ECB5-48F6-9D15-0BB3AA2DF525}.Debug|Any CPU.Build.0 = Debug|Any CPU
		{C871E48A-ECB5-48F6-9D15-0BB3AA2DF525}.Release|Any CPU.ActiveCfg = Release|Any CPU
		{C871E48A-ECB5-48F6-9D15-0BB3AA2DF525}.Release|Any CPU.Build.0 = Release|Any CPU
	EndGlobalSection
	GlobalSection(SolutionProperties) = preSolution
		HideSolutionNode = FALSE
	EndGlobalSection
	GlobalSection(ExtensibilityGlobals) = postSolution
		SolutionGuid = {1B99BA1E-79FB-41E0-95CC-C8F902EDE6DE}
	EndGlobalSection
EndGlobal
